// !$*UTF8*$!
{
	archiveVersion = 1;
	classes = {
	};
	objectVersion = 50;
	objects = {

/* Begin PBXBuildFile section */
		1B1E5882234E01B800DD848F /* RoundedStyleButton.swift in Sources */ = {isa = PBXBuildFile; fileRef = 1B1E5881234E01B800DD848F /* RoundedStyleButton.swift */; };
		1B1E5884234E036300DD848F /* ProfileViewController.swift in Sources */ = {isa = PBXBuildFile; fileRef = 1B1E5883234E036300DD848F /* ProfileViewController.swift */; };
		1B1E5886234E1CBE00DD848F /* SecondViewController.swift in Sources */ = {isa = PBXBuildFile; fileRef = 1B1E5885234E1CBE00DD848F /* SecondViewController.swift */; };
		1B1E5888234E2A9600DD848F /* RoundedStyleButton.xib in Resources */ = {isa = PBXBuildFile; fileRef = 1B1E5887234E2A9600DD848F /* RoundedStyleButton.xib */; };
		1B1E588D234F38F000DD848F /* CustomButton.swift in Sources */ = {isa = PBXBuildFile; fileRef = 1B1E588C234F38F000DD848F /* CustomButton.swift */; };
		1B1E588F234F390A00DD848F /* CustomButton.xib in Resources */ = {isa = PBXBuildFile; fileRef = 1B1E588E234F390A00DD848F /* CustomButton.xib */; };
		1B1E5891234F3CF400DD848F /* NibLoadeble.swift in Sources */ = {isa = PBXBuildFile; fileRef = 1B1E5890234F3CF400DD848F /* NibLoadeble.swift */; };
		1B1E5893234F573200DD848F /* FeedViewController.swift in Sources */ = {isa = PBXBuildFile; fileRef = 1B1E5892234F573200DD848F /* FeedViewController.swift */; };
		1B1E5895234F7B0A00DD848F /* BenchmarkViewController.swift in Sources */ = {isa = PBXBuildFile; fileRef = 1B1E5894234F7B0A00DD848F /* BenchmarkViewController.swift */; };
		1B1E5897234F8E4800DD848F /* ViewControllerLifecycleBehavior.swift in Sources */ = {isa = PBXBuildFile; fileRef = 1B1E5896234F8E4800DD848F /* ViewControllerLifecycleBehavior.swift */; };
		1B7DA494232A420F00821A90 /* AppDelegate.swift in Sources */ = {isa = PBXBuildFile; fileRef = 1B7DA493232A420F00821A90 /* AppDelegate.swift */; };
		1B7DA499232A420F00821A90 /* Main.storyboard in Resources */ = {isa = PBXBuildFile; fileRef = 1B7DA497232A420F00821A90 /* Main.storyboard */; };
		1B7DA49B232A421100821A90 /* Assets.xcassets in Resources */ = {isa = PBXBuildFile; fileRef = 1B7DA49A232A421100821A90 /* Assets.xcassets */; };
		1B7DA49E232A421100821A90 /* LaunchScreen.storyboard in Resources */ = {isa = PBXBuildFile; fileRef = 1B7DA49C232A421100821A90 /* LaunchScreen.storyboard */; };
		1B7DA4C4232A5B0A00821A90 /* Second.storyboard in Resources */ = {isa = PBXBuildFile; fileRef = 1B7DA4C3232A5B0900821A90 /* Second.storyboard */; };
/* End PBXBuildFile section */

/* Begin PBXFileReference section */
		1B1E5881234E01B800DD848F /* RoundedStyleButton.swift */ = {isa = PBXFileReference; lastKnownFileType = sourcecode.swift; path = RoundedStyleButton.swift; sourceTree = "<group>"; };
		1B1E5883234E036300DD848F /* ProfileViewController.swift */ = {isa = PBXFileReference; lastKnownFileType = sourcecode.swift; path = ProfileViewController.swift; sourceTree = "<group>"; };
		1B1E5885234E1CBE00DD848F /* SecondViewController.swift */ = {isa = PBXFileReference; lastKnownFileType = sourcecode.swift; path = SecondViewController.swift; sourceTree = "<group>"; };
		1B1E5887234E2A9600DD848F /* RoundedStyleButton.xib */ = {isa = PBXFileReference; lastKnownFileType = file.xib; path = RoundedStyleButton.xib; sourceTree = "<group>"; };
		1B1E588C234F38F000DD848F /* CustomButton.swift */ = {isa = PBXFileReference; lastKnownFileType = sourcecode.swift; path = CustomButton.swift; sourceTree = "<group>"; };
		1B1E588E234F390A00DD848F /* CustomButton.xib */ = {isa = PBXFileReference; lastKnownFileType = file.xib; path = CustomButton.xib; sourceTree = "<group>"; };
		1B1E5890234F3CF400DD848F /* NibLoadeble.swift */ = {isa = PBXFileReference; lastKnownFileType = sourcecode.swift; path = NibLoadeble.swift; sourceTree = "<group>"; };
		1B1E5892234F573200DD848F /* FeedViewController.swift */ = {isa = PBXFileReference; lastKnownFileType = sourcecode.swift; path = FeedViewController.swift; sourceTree = "<group>"; };
		1B1E5894234F7B0A00DD848F /* BenchmarkViewController.swift */ = {isa = PBXFileReference; lastKnownFileType = sourcecode.swift; path = BenchmarkViewController.swift; sourceTree = "<group>"; };
		1B1E5896234F8E4800DD848F /* ViewControllerLifecycleBehavior.swift */ = {isa = PBXFileReference; lastKnownFileType = sourcecode.swift; path = ViewControllerLifecycleBehavior.swift; sourceTree = "<group>"; };
		1B7DA490232A420F00821A90 /* OTUSHomework.app */ = {isa = PBXFileReference; explicitFileType = wrapper.application; includeInIndex = 0; path = OTUSHomework.app; sourceTree = BUILT_PRODUCTS_DIR; };
		1B7DA493232A420F00821A90 /* AppDelegate.swift */ = {isa = PBXFileReference; lastKnownFileType = sourcecode.swift; path = AppDelegate.swift; sourceTree = "<group>"; };
		1B7DA498232A420F00821A90 /* Base */ = {isa = PBXFileReference; lastKnownFileType = file.storyboard; name = Base; path = Base.lproj/Main.storyboard; sourceTree = "<group>"; };
		1B7DA49A232A421100821A90 /* Assets.xcassets */ = {isa = PBXFileReference; lastKnownFileType = folder.assetcatalog; path = Assets.xcassets; sourceTree = "<group>"; };
		1B7DA49D232A421100821A90 /* Base */ = {isa = PBXFileReference; lastKnownFileType = file.storyboard; name = Base; path = Base.lproj/LaunchScreen.storyboard; sourceTree = "<group>"; };
		1B7DA49F232A421100821A90 /* Info.plist */ = {isa = PBXFileReference; lastKnownFileType = text.plist.xml; path = Info.plist; sourceTree = "<group>"; };
		1B7DA4C3232A5B0900821A90 /* Second.storyboard */ = {isa = PBXFileReference; lastKnownFileType = file.storyboard; path = Second.storyboard; sourceTree = "<group>"; };
/* End PBXFileReference section */

/* Begin PBXFrameworksBuildPhase section */
		1B7DA48D232A420F00821A90 /* Frameworks */ = {
			isa = PBXFrameworksBuildPhase;
			buildActionMask = 2147483647;
			files = (
			);
			runOnlyForDeploymentPostprocessing = 0;
		};
/* End PBXFrameworksBuildPhase section */

/* Begin PBXGroup section */
		1B1E5889234F335300DD848F /* AppLoad */ = {
			isa = PBXGroup;
			children = (
				1B7DA49F232A421100821A90 /* Info.plist */,
				1B7DA49C232A421100821A90 /* LaunchScreen.storyboard */,
				1B7DA493232A420F00821A90 /* AppDelegate.swift */,
			);
			path = AppLoad;
			sourceTree = "<group>";
		};
		1B1E588A234F336900DD848F /* RoundedStyleButton */ = {
			isa = PBXGroup;
			children = (
				1B1E5887234E2A9600DD848F /* RoundedStyleButton.xib */,
				1B1E5881234E01B800DD848F /* RoundedStyleButton.swift */,
			);
			path = RoundedStyleButton;
			sourceTree = "<group>";
		};
		1B1E588B234F38CB00DD848F /* CustomButton */ = {
			isa = PBXGroup;
			children = (
				1B1E588E234F390A00DD848F /* CustomButton.xib */,
				1B1E588C234F38F000DD848F /* CustomButton.swift */,
				1B1E5890234F3CF400DD848F /* NibLoadeble.swift */,
			);
			path = CustomButton;
			sourceTree = "<group>";
		};
		1B7DA487232A420F00821A90 = {
			isa = PBXGroup;
			children = (
				1B7DA492232A420F00821A90 /* OtusHomework */,
				1B7DA491232A420F00821A90 /* Products */,
			);
			sourceTree = "<group>";
		};
		1B7DA491232A420F00821A90 /* Products */ = {
			isa = PBXGroup;
			children = (
				1B7DA490232A420F00821A90 /* OTUSHomework.app */,
			);
			name = Products;
			sourceTree = "<group>";
		};
		1B7DA492232A420F00821A90 /* OtusHomework */ = {
			isa = PBXGroup;
			children = (
				1B1E588B234F38CB00DD848F /* CustomButton */,
				1B1E588A234F336900DD848F /* RoundedStyleButton */,
				1B7DA497232A420F00821A90 /* Main.storyboard */,
				1B7DA4C3232A5B0900821A90 /* Second.storyboard */,
				1B1E5885234E1CBE00DD848F /* SecondViewController.swift */,
				1B1E5894234F7B0A00DD848F /* BenchmarkViewController.swift */,
				1B1E5892234F573200DD848F /* FeedViewController.swift */,
				1B1E5883234E036300DD848F /* ProfileViewController.swift */,
				1B1E5896234F8E4800DD848F /* ViewControllerLifecycleBehavior.swift */,
				1B1E5889234F335300DD848F /* AppLoad */,
				1B7DA49A232A421100821A90 /* Assets.xcassets */,
			);
			path = OtusHomework;
			sourceTree = "<group>";
		};
/* End PBXGroup section */

/* Begin PBXNativeTarget section */
		1B7DA48F232A420F00821A90 /* OTUSHomework */ = {
			isa = PBXNativeTarget;
			buildConfigurationList = 1B7DA4A2232A421100821A90 /* Build configuration list for PBXNativeTarget "OTUSHomework" */;
			buildPhases = (
				1B7DA48C232A420F00821A90 /* Sources */,
				1B7DA48D232A420F00821A90 /* Frameworks */,
				1B7DA48E232A420F00821A90 /* Resources */,
			);
			buildRules = (
			);
			dependencies = (
			);
			name = OTUSHomework;
			productName = LessonOne;
			productReference = 1B7DA490232A420F00821A90 /* OTUSHomework.app */;
			productType = "com.apple.product-type.application";
		};
/* End PBXNativeTarget section */

/* Begin PBXProject section */
		1B7DA488232A420F00821A90 /* Project object */ = {
			isa = PBXProject;
			attributes = {
				LastSwiftUpdateCheck = 1030;
				LastUpgradeCheck = 1030;
				ORGANIZATIONNAME = GETMOBIT;
				TargetAttributes = {
					1B7DA48F232A420F00821A90 = {
						CreatedOnToolsVersion = 10.3;
					};
				};
			};
			buildConfigurationList = 1B7DA48B232A420F00821A90 /* Build configuration list for PBXProject "OTUSHomework" */;
			compatibilityVersion = "Xcode 9.3";
			developmentRegion = en;
			hasScannedForEncodings = 0;
			knownRegions = (
				en,
				Base,
			);
			mainGroup = 1B7DA487232A420F00821A90;
			productRefGroup = 1B7DA491232A420F00821A90 /* Products */;
			projectDirPath = "";
			projectRoot = "";
			targets = (
				1B7DA48F232A420F00821A90 /* OTUSHomework */,
			);
		};
/* End PBXProject section */

/* Begin PBXResourcesBuildPhase section */
		1B7DA48E232A420F00821A90 /* Resources */ = {
			isa = PBXResourcesBuildPhase;
			buildActionMask = 2147483647;
			files = (
				1B7DA4C4232A5B0A00821A90 /* Second.storyboard in Resources */,
				1B7DA49E232A421100821A90 /* LaunchScreen.storyboard in Resources */,
				1B7DA49B232A421100821A90 /* Assets.xcassets in Resources */,
				1B1E5888234E2A9600DD848F /* RoundedStyleButton.xib in Resources */,
				1B1E588F234F390A00DD848F /* CustomButton.xib in Resources */,
				1B7DA499232A420F00821A90 /* Main.storyboard in Resources */,
			);
			runOnlyForDeploymentPostprocessing = 0;
		};
/* End PBXResourcesBuildPhase section */

/* Begin PBXSourcesBuildPhase section */
		1B7DA48C232A420F00821A90 /* Sources */ = {
			isa = PBXSourcesBuildPhase;
			buildActionMask = 2147483647;
			files = (
				1B1E5897234F8E4800DD848F /* ViewControllerLifecycleBehavior.swift in Sources */,
				1B1E5886234E1CBE00DD848F /* SecondViewController.swift in Sources */,
				1B1E5891234F3CF400DD848F /* NibLoadeble.swift in Sources */,
				1B1E5895234F7B0A00DD848F /* BenchmarkViewController.swift in Sources */,
				1B1E5884234E036300DD848F /* ProfileViewController.swift in Sources */,
				1B1E5882234E01B800DD848F /* RoundedStyleButton.swift in Sources */,
				1B7DA494232A420F00821A90 /* AppDelegate.swift in Sources */,
				1B1E588D234F38F000DD848F /* CustomButton.swift in Sources */,
				1B1E5893234F573200DD848F /* FeedViewController.swift in Sources */,
			);
			runOnlyForDeploymentPostprocessing = 0;
		};
/* End PBXSourcesBuildPhase section */

/* Begin PBXVariantGroup section */
		1B7DA497232A420F00821A90 /* Main.storyboard */ = {
			isa = PBXVariantGroup;
			children = (
				1B7DA498232A420F00821A90 /* Base */,
			);
			name = Main.storyboard;
			sourceTree = "<group>";
		};
		1B7DA49C232A421100821A90 /* LaunchScreen.storyboard */ = {
			isa = PBXVariantGroup;
			children = (
				1B7DA49D232A421100821A90 /* Base */,
			);
			name = LaunchScreen.storyboard;
			sourceTree = "<group>";
		};
/* End PBXVariantGroup section */

/* Begin XCBuildConfiguration section */
		1B7DA4A0232A421100821A90 /* Debug */ = {
			isa = XCBuildConfiguration;
			buildSettings = {
				ALWAYS_SEARCH_USER_PATHS = NO;
				CLANG_ANALYZER_NONNULL = YES;
				CLANG_ANALYZER_NUMBER_OBJECT_CONVERSION = YES_AGGRESSIVE;
				CLANG_CXX_LANGUAGE_STANDARD = "gnu++14";
				CLANG_CXX_LIBRARY = "libc++";
				CLANG_ENABLE_MODULES = YES;
				CLANG_ENABLE_OBJC_ARC = YES;
				CLANG_ENABLE_OBJC_WEAK = YES;
				CLANG_WARN_BLOCK_CAPTURE_AUTORELEASING = YES;
				CLANG_WARN_BOOL_CONVERSION = YES;
				CLANG_WARN_COMMA = YES;
				CLANG_WARN_CONSTANT_CONVERSION = YES;
				CLANG_WARN_DEPRECATED_OBJC_IMPLEMENTATIONS = YES;
				CLANG_WARN_DIRECT_OBJC_ISA_USAGE = YES_ERROR;
				CLANG_WARN_DOCUMENTATION_COMMENTS = YES;
				CLANG_WARN_EMPTY_BODY = YES;
				CLANG_WARN_ENUM_CONVERSION = YES;
				CLANG_WARN_INFINITE_RECURSION = YES;
				CLANG_WARN_INT_CONVERSION = YES;
				CLANG_WARN_NON_LITERAL_NULL_CONVERSION = YES;
				CLANG_WARN_OBJC_IMPLICIT_RETAIN_SELF = YES;
				CLANG_WARN_OBJC_LITERAL_CONVERSION = YES;
				CLANG_WARN_OBJC_ROOT_CLASS = YES_ERROR;
				CLANG_WARN_RANGE_LOOP_ANALYSIS = YES;
				CLANG_WARN_STRICT_PROTOTYPES = YES;
				CLANG_WARN_SUSPICIOUS_MOVE = YES;
				CLANG_WARN_UNGUARDED_AVAILABILITY = YES_AGGRESSIVE;
				CLANG_WARN_UNREACHABLE_CODE = YES;
				CLANG_WARN__DUPLICATE_METHOD_MATCH = YES;
				CODE_SIGN_IDENTITY = "iPhone Developer";
				COPY_PHASE_STRIP = NO;
				DEBUG_INFORMATION_FORMAT = dwarf;
				ENABLE_STRICT_OBJC_MSGSEND = YES;
				ENABLE_TESTABILITY = YES;
				GCC_C_LANGUAGE_STANDARD = gnu11;
				GCC_DYNAMIC_NO_PIC = NO;
				GCC_NO_COMMON_BLOCKS = YES;
				GCC_OPTIMIZATION_LEVEL = 0;
				GCC_PREPROCESSOR_DEFINITIONS = (
					"DEBUG=1",
					"$(inherited)",
				);
				GCC_WARN_64_TO_32_BIT_CONVERSION = YES;
				GCC_WARN_ABOUT_RETURN_TYPE = YES_ERROR;
				GCC_WARN_UNDECLARED_SELECTOR = YES;
				GCC_WARN_UNINITIALIZED_AUTOS = YES_AGGRESSIVE;
				GCC_WARN_UNUSED_FUNCTION = YES;
				GCC_WARN_UNUSED_VARIABLE = YES;
				IPHONEOS_DEPLOYMENT_TARGET = 12.4;
				MTL_ENABLE_DEBUG_INFO = INCLUDE_SOURCE;
				MTL_FAST_MATH = YES;
				ONLY_ACTIVE_ARCH = YES;
				SDKROOT = iphoneos;
				SWIFT_ACTIVE_COMPILATION_CONDITIONS = DEBUG;
				SWIFT_OPTIMIZATION_LEVEL = "-Onone";
			};
			name = Debug;
		};
		1B7DA4A1232A421100821A90 /* Release */ = {
			isa = XCBuildConfiguration;
			buildSettings = {
				ALWAYS_SEARCH_USER_PATHS = NO;
				CLANG_ANALYZER_NONNULL = YES;
				CLANG_ANALYZER_NUMBER_OBJECT_CONVERSION = YES_AGGRESSIVE;
				CLANG_CXX_LANGUAGE_STANDARD = "gnu++14";
				CLANG_CXX_LIBRARY = "libc++";
				CLANG_ENABLE_MODULES = YES;
				CLANG_ENABLE_OBJC_ARC = YES;
				CLANG_ENABLE_OBJC_WEAK = YES;
				CLANG_WARN_BLOCK_CAPTURE_AUTORELEASING = YES;
				CLANG_WARN_BOOL_CONVERSION = YES;
				CLANG_WARN_COMMA = YES;
				CLANG_WARN_CONSTANT_CONVERSION = YES;
				CLANG_WARN_DEPRECATED_OBJC_IMPLEMENTATIONS = YES;
				CLANG_WARN_DIRECT_OBJC_ISA_USAGE = YES_ERROR;
				CLANG_WARN_DOCUMENTATION_COMMENTS = YES;
				CLANG_WARN_EMPTY_BODY = YES;
				CLANG_WARN_ENUM_CONVERSION = YES;
				CLANG_WARN_INFINITE_RECURSION = YES;
				CLANG_WARN_INT_CONVERSION = YES;
				CLANG_WARN_NON_LITERAL_NULL_CONVERSION = YES;
				CLANG_WARN_OBJC_IMPLICIT_RETAIN_SELF = YES;
				CLANG_WARN_OBJC_LITERAL_CONVERSION = YES;
				CLANG_WARN_OBJC_ROOT_CLASS = YES_ERROR;
				CLANG_WARN_RANGE_LOOP_ANALYSIS = YES;
				CLANG_WARN_STRICT_PROTOTYPES = YES;
				CLANG_WARN_SUSPICIOUS_MOVE = YES;
				CLANG_WARN_UNGUARDED_AVAILABILITY = YES_AGGRESSIVE;
				CLANG_WARN_UNREACHABLE_CODE = YES;
				CLANG_WARN__DUPLICATE_METHOD_MATCH = YES;
				CODE_SIGN_IDENTITY = "iPhone Developer";
				COPY_PHASE_STRIP = NO;
				DEBUG_INFORMATION_FORMAT = "dwarf-with-dsym";
				ENABLE_NS_ASSERTIONS = NO;
				ENABLE_STRICT_OBJC_MSGSEND = YES;
				GCC_C_LANGUAGE_STANDARD = gnu11;
				GCC_NO_COMMON_BLOCKS = YES;
				GCC_WARN_64_TO_32_BIT_CONVERSION = YES;
				GCC_WARN_ABOUT_RETURN_TYPE = YES_ERROR;
				GCC_WARN_UNDECLARED_SELECTOR = YES;
				GCC_WARN_UNINITIALIZED_AUTOS = YES_AGGRESSIVE;
				GCC_WARN_UNUSED_FUNCTION = YES;
				GCC_WARN_UNUSED_VARIABLE = YES;
				IPHONEOS_DEPLOYMENT_TARGET = 12.4;
				MTL_ENABLE_DEBUG_INFO = NO;
				MTL_FAST_MATH = YES;
				SDKROOT = iphoneos;
				SWIFT_COMPILATION_MODE = wholemodule;
				SWIFT_OPTIMIZATION_LEVEL = "-O";
				VALIDATE_PRODUCT = YES;
			};
			name = Release;
		};
		1B7DA4A3232A421100821A90 /* Debug */ = {
			isa = XCBuildConfiguration;
			buildSettings = {
				ASSETCATALOG_COMPILER_APPICON_NAME = AppIcon;
				CODE_SIGN_STYLE = Automatic;
				DEVELOPMENT_TEAM = S2EX4B69R4;
				INFOPLIST_FILE = OtusHomework/AppLoad/Info.plist;
				LD_RUNPATH_SEARCH_PATHS = (
					"$(inherited)",
					"@executable_path/Frameworks",
				);
				PRODUCT_BUNDLE_IDENTIFIER = ru.getmobit.LessonOne;
				PRODUCT_NAME = "$(TARGET_NAME)";
				SWIFT_VERSION = 5.0;
				TARGETED_DEVICE_FAMILY = "1,2";
			};
			name = Debug;
		};
		1B7DA4A4232A421100821A90 /* Release */ = {
			isa = XCBuildConfiguration;
			buildSettings = {
				ASSETCATALOG_COMPILER_APPICON_NAME = AppIcon;
				CODE_SIGN_STYLE = Automatic;
				DEVELOPMENT_TEAM = S2EX4B69R4;
				INFOPLIST_FILE = OtusHomework/AppLoad/Info.plist;
				LD_RUNPATH_SEARCH_PATHS = (
					"$(inherited)",
					"@executable_path/Frameworks",
				);
				PRODUCT_BUNDLE_IDENTIFIER = ru.getmobit.LessonOne;
				PRODUCT_NAME = "$(TARGET_NAME)";
				SWIFT_VERSION = 5.0;
				TARGETED_DEVICE_FAMILY = "1,2";
			};
			name = Release;
		};
/* End XCBuildConfiguration section */

/* Begin XCConfigurationList section */
		1B7DA48B232A420F00821A90 /* Build configuration list for PBXProject "OTUSHomework" */ = {
			isa = XCConfigurationList;
			buildConfigurations = (
				1B7DA4A0232A421100821A90 /* Debug */,
				1B7DA4A1232A421100821A90 /* Release */,
			);
			defaultConfigurationIsVisible = 0;
			defaultConfigurationName = Release;
		};
		1B7DA4A2232A421100821A90 /* Build configuration list for PBXNativeTarget "OTUSHomework" */ = {
			isa = XCConfigurationList;
			buildConfigurations = (
				1B7DA4A3232A421100821A90 /* Debug */,
				1B7DA4A4232A421100821A90 /* Release */,
			);
			defaultConfigurationIsVisible = 0;
			defaultConfigurationName = Release;
		};
/* End XCConfigurationList section */
	};
	rootObject = 1B7DA488232A420F00821A90 /* Project object */;
}
